
Microsoft Visual Studio Solution File, Format Version 12.00
# Visual Studio 14
VisualStudioVersion = 14.0.25420.1
MinimumVisualStudioVersion = 10.0.40219.1
Project("{2150E333-8FDC-42A3-9474-1A3956D46DE8}") = "src", "src", "{A094C176-1A3F-4C90-82FD-AE7B64DAAEF1}"
EndProject
Project("{2150E333-8FDC-42A3-9474-1A3956D46DE8}") = "Solution Items", "Solution Items", "{BBD8805E-4BFA-4E72-A66C-0DD9E3786E31}"
	ProjectSection(SolutionItems) = preProject
		global.json = global.json
	EndProjectSection
EndProject
Project("{8BB2217D-0F2D-49D1-97BC-3654ED321F3B}") = "NcCqrsPoc", "src\NcCqrsPoc\NcCqrsPoc.xproj", "{48B423DE-04C2-4753-8EA1-179E66B5284A}"
EndProject
Project("{8BB2217D-0F2D-49D1-97BC-3654ED321F3B}") = "NcCqrsPoc.Domain", "src\NcCqrsPoc.Domain\NcCqrsPoc.Domain.xproj", "{9293D85A-852E-4A03-909D-CF4202D1C1BC}"
EndProject
Project("{8BB2217D-0F2D-49D1-97BC-3654ED321F3B}") = "NcCqrsPoc.Web.Queries", "src\NcCqrsPoc.Web.Queries\NcCqrsPoc.Web.Queries.xproj", "{367E409A-7B86-4377-8FC4-005345A93DF2}"
EndProject
Project("{8BB2217D-0F2D-49D1-97BC-3654ED321F3B}") = "NcCqrsPoc.Web.Commands", "src\NcCqrsPos.Web.Commands\NcCqrsPoc.Web.Commands.xproj", "{05E5A6D7-31D6-442B-83B0-8F852527CA41}"
EndProject
Global
	GlobalSection(SolutionConfigurationPlatforms) = preSolution
		Debug|Any CPU = Debug|Any CPU
		Release|Any CPU = Release|Any CPU
	EndGlobalSection
	GlobalSection(ProjectConfigurationPlatforms) = postSolution
		{48B423DE-04C2-4753-8EA1-179E66B5284A}.Debug|Any CPU.ActiveCfg = Debug|Any CPU
		{48B423DE-04C2-4753-8EA1-179E66B5284A}.Debug|Any CPU.Build.0 = Debug|Any CPU
		{48B423DE-04C2-4753-8EA1-179E66B5284A}.Release|Any CPU.ActiveCfg = Release|Any CPU
		{48B423DE-04C2-4753-8EA1-179E66B5284A}.Release|Any CPU.Build.0 = Release|Any CPU
		{9293D85A-852E-4A03-909D-CF4202D1C1BC}.Debug|Any CPU.ActiveCfg = Debug|Any CPU
		{9293D85A-852E-4A03-909D-CF4202D1C1BC}.Debug|Any CPU.Build.0 = Debug|Any CPU
		{9293D85A-852E-4A03-909D-CF4202D1C1BC}.Release|Any CPU.ActiveCfg = Release|Any CPU
		{9293D85A-852E-4A03-909D-CF4202D1C1BC}.Release|Any CPU.Build.0 = Release|Any CPU
		{367E409A-7B86-4377-8FC4-005345A93DF2}.Debug|Any CPU.ActiveCfg = Debug|Any CPU
		{367E409A-7B86-4377-8FC4-005345A93DF2}.Debug|Any CPU.Build.0 = Debug|Any CPU
		{367E409A-7B86-4377-8FC4-005345A93DF2}.Release|Any CPU.ActiveCfg = Release|Any CPU
		{367E409A-7B86-4377-8FC4-005345A93DF2}.Release|Any CPU.Build.0 = Release|Any CPU
		{05E5A6D7-31D6-442B-83B0-8F852527CA41}.Debug|Any CPU.ActiveCfg = Debug|Any CPU
		{05E5A6D7-31D6-442B-83B0-8F852527CA41}.Debug|Any CPU.Build.0 = Debug|Any CPU
		{05E5A6D7-31D6-442B-83B0-8F852527CA41}.Release|Any CPU.ActiveCfg = Release|Any CPU
		{05E5A6D7-31D6-442B-83B0-8F852527CA41}.Release|Any CPU.Build.0 = Release|Any CPU
	EndGlobalSection
	GlobalSection(SolutionProperties) = preSolution
		HideSolutionNode = FALSE
	EndGlobalSection
	GlobalSection(NestedProjects) = preSolution
		{48B423DE-04C2-4753-8EA1-179E66B5284A} = {A094C176-1A3F-4C90-82FD-AE7B64DAAEF1}
		{9293D85A-852E-4A03-909D-CF4202D1C1BC} = {A094C176-1A3F-4C90-82FD-AE7B64DAAEF1}
		{367E409A-7B86-4377-8FC4-005345A93DF2} = {A094C176-1A3F-4C90-82FD-AE7B64DAAEF1}
		{05E5A6D7-31D6-442B-83B0-8F852527CA41} = {A094C176-1A3F-4C90-82FD-AE7B64DAAEF1}
	EndGlobalSection
EndGlobal
